<Solution>
  <Folder Name="/src/">
    <Project Path="src/CryptoPal.ApiClient.CoinGecko/CryptoPal.ApiClient.CoinGecko.csproj" />
    <Project Path="src/CryptoPal.Core/CryptoPal.Core.csproj" />
    <Project Path="src/CryptoPal.ViewerApp/CryptoPal.ViewerApp.csproj" />
    <Project Path="src/CryptoPal.ViewerApi/CryptoPal.ViewerApi.csproj" />
  </Folder>
  <Folder Name="/test/">
    <Project Path="test/CryptoPal.ApiClient.CoinGecko.UnitTests/CryptoPal.ApiClient.CoinGecko.UnitTests.csproj" />
    <Project Path="test/CryptoPal.Core.UnitTests/CryptoPal.Core.UnitTests.csproj" />
    <Project Path="test/CryptoPal.ViewerApp.UnitTests/CryptoPal.ViewerApp.UnitTests.csproj" />
    <Project Path="test/CryptoPal.ViewerApi.IntegrationTests/CryptoPal.ViewerApi.IntegrationTests.csproj" />
    <Project Path="test/CryptoPal.ViewerApi.UnitTests/CryptoPal.ViewerApi.UnitTests.csproj" />
  </Folder>
</Solution>
